
Microsoft Visual Studio Solution File, Format Version 12.00
# Visual Studio 15
VisualStudioVersion = 15.0.28307.489
MinimumVisualStudioVersion = 10.0.40219.1
Project("{FAE04EC0-301F-11D3-BF4B-00C04F79EFBC}") = "VITROS_350", "VITROS_350.csproj", "{19ADDE2D-8E19-4D17-A2E5-C3E7CF719E65}"
EndProject
Project("{FAE04EC0-301F-11D3-BF4B-00C04F79EFBC}") = "LIS_Data_Acquisition_Controller", "..\..\Ui\LIS_Data_Acquisition_Controller\LIS_Data_Acquisition_Controller.csproj", "{C7E83A11-F02E-417B-8F5C-1A82FDC83F0D}"
EndProject
Global
	GlobalSection(SolutionConfigurationPlatforms) = preSolution
		Debug|Any CPU = Debug|Any CPU
		Release|Any CPU = Release|Any CPU
	EndGlobalSection
	GlobalSection(ProjectConfigurationPlatforms) = postSolution
		{19ADDE2D-8E19-4D17-A2E5-C3E7CF719E65}.Debug|Any CPU.ActiveCfg = Debug|Any CPU
		{19ADDE2D-8E19-4D17-A2E5-C3E7CF719E65}.Debug|Any CPU.Build.0 = Debug|Any CPU
		{19ADDE2D-8E19-4D17-A2E5-C3E7CF719E65}.Release|Any CPU.ActiveCfg = Release|Any CPU
		{19ADDE2D-8E19-4D17-A2E5-C3E7CF719E65}.Release|Any CPU.Build.0 = Release|Any CPU
		{C7E83A11-F02E-417B-8F5C-1A82FDC83F0D}.Debug|Any CPU.ActiveCfg = Debug|Any CPU
		{C7E83A11-F02E-417B-8F5C-1A82FDC83F0D}.Debug|Any CPU.Build.0 = Debug|Any CPU
		{C7E83A11-F02E-417B-8F5C-1A82FDC83F0D}.Release|Any CPU.ActiveCfg = Release|Any CPU
		{C7E83A11-F02E-417B-8F5C-1A82FDC83F0D}.Release|Any CPU.Build.0 = Release|Any CPU
	EndGlobalSection
	GlobalSection(SolutionProperties) = preSolution
		HideSolutionNode = FALSE
	EndGlobalSection
	GlobalSection(ExtensibilityGlobals) = postSolution
		SolutionGuid = {BE3B1C42-1562-49D3-9CD8-B10B7AAA92A4}
	EndGlobalSection
EndGlobal
