
Microsoft Visual Studio Solution File, Format Version 12.00
# Visual Studio 15
VisualStudioVersion = 15.0.28307.489
MinimumVisualStudioVersion = 10.0.40219.1
Project("{FAE04EC0-301F-11D3-BF4B-00C04F79EFBC}") = "HISRegister", "HISRegister.csproj", "{BE19F645-7FF7-4F7E-B61C-6B5E2344217F}"
EndProject
Project("{FAE04EC0-301F-11D3-BF4B-00C04F79EFBC}") = "his.com", "..\..\..\dll\his.com\his.com.csproj", "{1E5214EF-3386-4901-B4BB-A8184E737926}"
EndProject
Global
	GlobalSection(SolutionConfigurationPlatforms) = preSolution
		Debug|Any CPU = Debug|Any CPU
		Release|Any CPU = Release|Any CPU
	EndGlobalSection
	GlobalSection(ProjectConfigurationPlatforms) = postSolution
		{BE19F645-7FF7-4F7E-B61C-6B5E2344217F}.Debug|Any CPU.ActiveCfg = Debug|Any CPU
		{BE19F645-7FF7-4F7E-B61C-6B5E2344217F}.Debug|Any CPU.Build.0 = Debug|Any CPU
		{BE19F645-7FF7-4F7E-B61C-6B5E2344217F}.Release|Any CPU.ActiveCfg = Release|Any CPU
		{BE19F645-7FF7-4F7E-B61C-6B5E2344217F}.Release|Any CPU.Build.0 = Release|Any CPU
		{1E5214EF-3386-4901-B4BB-A8184E737926}.Debug|Any CPU.ActiveCfg = Debug|Any CPU
		{1E5214EF-3386-4901-B4BB-A8184E737926}.Debug|Any CPU.Build.0 = Debug|Any CPU
		{1E5214EF-3386-4901-B4BB-A8184E737926}.Release|Any CPU.ActiveCfg = Release|Any CPU
		{1E5214EF-3386-4901-B4BB-A8184E737926}.Release|Any CPU.Build.0 = Release|Any CPU
	EndGlobalSection
	GlobalSection(SolutionProperties) = preSolution
		HideSolutionNode = FALSE
	EndGlobalSection
	GlobalSection(ExtensibilityGlobals) = postSolution
		SolutionGuid = {BF7C96A2-37C2-44DD-8FE4-6F79D0D9420B}
	EndGlobalSection
EndGlobal
