
Microsoft Visual Studio Solution File, Format Version 12.00
# Visual Studio 15
VisualStudioVersion = 15.0.28307.1169
MinimumVisualStudioVersion = 10.0.40219.1
Project("{FAE04EC0-301F-11D3-BF4B-00C04F79EFBC}") = "HISYB_CS", "HISYB_CS.csproj", "{984CAE78-9C31-4580-ADD7-2BFE2919D672}"
EndProject
Global
	GlobalSection(SolutionConfigurationPlatforms) = preSolution
		Debug|Any CPU = Debug|Any CPU
		Debug|x86 = Debug|x86
		Release|Any CPU = Release|Any CPU
		Release|x86 = Release|x86
	EndGlobalSection
	GlobalSection(ProjectConfigurationPlatforms) = postSolution
		{984CAE78-9C31-4580-ADD7-2BFE2919D672}.Debug|Any CPU.ActiveCfg = Debug|Any CPU
		{984CAE78-9C31-4580-ADD7-2BFE2919D672}.Debug|Any CPU.Build.0 = Debug|Any CPU
		{984CAE78-9C31-4580-ADD7-2BFE2919D672}.Debug|x86.ActiveCfg = Debug|Any CPU
		{984CAE78-9C31-4580-ADD7-2BFE2919D672}.Debug|x86.Build.0 = Debug|Any CPU
		{984CAE78-9C31-4580-ADD7-2BFE2919D672}.Release|Any CPU.ActiveCfg = Release|Any CPU
		{984CAE78-9C31-4580-ADD7-2BFE2919D672}.Release|Any CPU.Build.0 = Release|Any CPU
		{984CAE78-9C31-4580-ADD7-2BFE2919D672}.Release|x86.ActiveCfg = Release|Any CPU
		{984CAE78-9C31-4580-ADD7-2BFE2919D672}.Release|x86.Build.0 = Release|Any CPU
	EndGlobalSection
	GlobalSection(SolutionProperties) = preSolution
		HideSolutionNode = FALSE
	EndGlobalSection
	GlobalSection(ExtensibilityGlobals) = postSolution
		SolutionGuid = {1CC0E3B7-E31C-47CE-98DF-99B090142598}
	EndGlobalSection
EndGlobal
