
Microsoft Visual Studio Solution File, Format Version 12.00
# Visual Studio 15
VisualStudioVersion = 15.0.28307.489
MinimumVisualStudioVersion = 10.0.40219.1
Project("{FAE04EC0-301F-11D3-BF4B-00C04F79EFBC}") = "HISZY", "HISZY.csproj", "{B4301F30-19C2-49D1-92B3-6056C8FF2DBF}"
EndProject
Project("{FAE04EC0-301F-11D3-BF4B-00C04F79EFBC}") = "his.com", "..\..\dll\his.com\his.com.csproj", "{1E5214EF-3386-4901-B4BB-A8184E737926}"
EndProject
Global
	GlobalSection(SolutionConfigurationPlatforms) = preSolution
		Debug|Any CPU = Debug|Any CPU
		Release|Any CPU = Release|Any CPU
	EndGlobalSection
	GlobalSection(ProjectConfigurationPlatforms) = postSolution
		{B4301F30-19C2-49D1-92B3-6056C8FF2DBF}.Debug|Any CPU.ActiveCfg = Debug|Any CPU
		{B4301F30-19C2-49D1-92B3-6056C8FF2DBF}.Debug|Any CPU.Build.0 = Debug|Any CPU
		{B4301F30-19C2-49D1-92B3-6056C8FF2DBF}.Release|Any CPU.ActiveCfg = Release|Any CPU
		{B4301F30-19C2-49D1-92B3-6056C8FF2DBF}.Release|Any CPU.Build.0 = Release|Any CPU
		{1E5214EF-3386-4901-B4BB-A8184E737926}.Debug|Any CPU.ActiveCfg = Debug|Any CPU
		{1E5214EF-3386-4901-B4BB-A8184E737926}.Debug|Any CPU.Build.0 = Debug|Any CPU
		{1E5214EF-3386-4901-B4BB-A8184E737926}.Release|Any CPU.ActiveCfg = Release|Any CPU
		{1E5214EF-3386-4901-B4BB-A8184E737926}.Release|Any CPU.Build.0 = Release|Any CPU
	EndGlobalSection
	GlobalSection(SolutionProperties) = preSolution
		HideSolutionNode = FALSE
	EndGlobalSection
	GlobalSection(ExtensibilityGlobals) = postSolution
		SolutionGuid = {40159D67-B5E3-4940-AA1E-08C57A41A709}
	EndGlobalSection
EndGlobal
