
Microsoft Visual Studio Solution File, Format Version 12.00
# Visual Studio 15
VisualStudioVersion = 15.0.28307.489
MinimumVisualStudioVersion = 10.0.40219.1
Project("{FAE04EC0-301F-11D3-BF4B-00C04F79EFBC}") = "MedicineStore_Maintain", "MedicineStore_Maintain\MedicineStore_Maintain.csproj", "{B87E12A8-B86F-4D7E-9E71-195739793C34}"
EndProject
Global
	GlobalSection(SolutionConfigurationPlatforms) = preSolution
		Debug|Any CPU = Debug|Any CPU
		Release|Any CPU = Release|Any CPU
	EndGlobalSection
	GlobalSection(ProjectConfigurationPlatforms) = postSolution
		{B87E12A8-B86F-4D7E-9E71-195739793C34}.Debug|Any CPU.ActiveCfg = Debug|Any CPU
		{B87E12A8-B86F-4D7E-9E71-195739793C34}.Debug|Any CPU.Build.0 = Debug|Any CPU
		{B87E12A8-B86F-4D7E-9E71-195739793C34}.Release|Any CPU.ActiveCfg = Release|Any CPU
		{B87E12A8-B86F-4D7E-9E71-195739793C34}.Release|Any CPU.Build.0 = Release|Any CPU
	EndGlobalSection
	GlobalSection(SolutionProperties) = preSolution
		HideSolutionNode = FALSE
	EndGlobalSection
	GlobalSection(ExtensibilityGlobals) = postSolution
		SolutionGuid = {046B1A4C-6322-49AD-8A75-53976B0E1DF8}
	EndGlobalSection
EndGlobal
