
Microsoft Visual Studio Solution File, Format Version 12.00
# Visual Studio 15
VisualStudioVersion = 15.0.28307.489
MinimumVisualStudioVersion = 10.0.40219.1
Project("{FAE04EC0-301F-11D3-BF4B-00C04F79EFBC}") = "EMR_RemindMessageService", "EMR_RemindMessageService\EMR_RemindMessageService.csproj", "{D073C5E1-C781-466E-9B8F-E0031EB00DD6}"
EndProject
Global
	GlobalSection(SolutionConfigurationPlatforms) = preSolution
		Debug|Any CPU = Debug|Any CPU
		Release|Any CPU = Release|Any CPU
	EndGlobalSection
	GlobalSection(ProjectConfigurationPlatforms) = postSolution
		{D073C5E1-C781-466E-9B8F-E0031EB00DD6}.Debug|Any CPU.ActiveCfg = Debug|Any CPU
		{D073C5E1-C781-466E-9B8F-E0031EB00DD6}.Debug|Any CPU.Build.0 = Debug|Any CPU
		{D073C5E1-C781-466E-9B8F-E0031EB00DD6}.Release|Any CPU.ActiveCfg = Release|Any CPU
		{D073C5E1-C781-466E-9B8F-E0031EB00DD6}.Release|Any CPU.Build.0 = Release|Any CPU
	EndGlobalSection
	GlobalSection(SolutionProperties) = preSolution
		HideSolutionNode = FALSE
	EndGlobalSection
	GlobalSection(ExtensibilityGlobals) = postSolution
		SolutionGuid = {C0A41362-4DF4-4A33-B11D-0FC60DBC7FF6}
	EndGlobalSection
EndGlobal
