Microsoft Visual Studio Solution File, Format Version 12.00
# Visual Studio 15
VisualStudioVersion = 15.0.28307.489
MinimumVisualStudioVersion = 10.0.40219.1
Project("{FAE04EC0-301F-11D3-BF4B-00C04F79EFBC}") = "Medicine", "Medicine.csproj", "{446A0356-6CBE-4AEE-B60D-C70ED2710C86}"
EndProject
Global
	GlobalSection(SolutionConfigurationPlatforms) = preSolution
		Debug|Any CPU = Debug|Any CPU
		Release|Any CPU = Release|Any CPU
	EndGlobalSection
	GlobalSection(ProjectConfigurationPlatforms) = postSolution
		{446A0356-6CBE-4AEE-B60D-C70ED2710C86}.Debug|Any CPU.ActiveCfg = Debug|Any CPU
		{446A0356-6CBE-4AEE-B60D-C70ED2710C86}.Debug|Any CPU.Build.0 = Debug|Any CPU
		{446A0356-6CBE-4AEE-B60D-C70ED2710C86}.Release|Any CPU.ActiveCfg = Release|Any CPU
		{446A0356-6CBE-4AEE-B60D-C70ED2710C86}.Release|Any CPU.Build.0 = Release|Any CPU
	EndGlobalSection
	GlobalSection(SolutionProperties) = preSolution
		HideSolutionNode = FALSE
	EndGlobalSection
	GlobalSection(ExtensibilityGlobals) = postSolution
		SolutionGuid = {3623A681-BDC2-41A6-86B8-7273EEBDDE6A}
	EndGlobalSection
EndGlobal
