Microsoft Visual Studio Solution File, Format Version 12.00
# Visual Studio 15
VisualStudioVersion = 15.0.28307.489
MinimumVisualStudioVersion = 10.0.40219.1
Project("{FAE04EC0-301F-11D3-BF4B-00C04F79EFBC}") = "LIS_Data_Acquisition_Controller", "LIS_Data_Acquisition_Controller.csproj", "{C7E83A11-F02E-417B-8F5C-1A82FDC83F0D}"
EndProject
Project("{FAE04EC0-301F-11D3-BF4B-00C04F79EFBC}") = "FB2000R", "..\..\dll\FB2000R\FB2000R.csproj", "{53D45A72-9FB8-4601-B673-719B7B261EAA}"
EndProject
Project("{FAE04EC0-301F-11D3-BF4B-00C04F79EFBC}") = "Laboman", "..\..\dll\Laboman\Laboman.csproj", "{D5D01BFE-C22D-42B9-B223-E91EA095729E}"
EndProject
Global
	GlobalSection(SolutionConfigurationPlatforms) = preSolution
		Debug|Any CPU = Debug|Any CPU
		Release|Any CPU = Release|Any CPU
	EndGlobalSection
	GlobalSection(ProjectConfigurationPlatforms) = postSolution
		{C7E83A11-F02E-417B-8F5C-1A82FDC83F0D}.Debug|Any CPU.ActiveCfg = Debug|Any CPU
		{C7E83A11-F02E-417B-8F5C-1A82FDC83F0D}.Debug|Any CPU.Build.0 = Debug|Any CPU
		{C7E83A11-F02E-417B-8F5C-1A82FDC83F0D}.Release|Any CPU.ActiveCfg = Release|Any CPU
		{C7E83A11-F02E-417B-8F5C-1A82FDC83F0D}.Release|Any CPU.Build.0 = Release|Any CPU
		{53D45A72-9FB8-4601-B673-719B7B261EAA}.Debug|Any CPU.ActiveCfg = Debug|Any CPU
		{53D45A72-9FB8-4601-B673-719B7B261EAA}.Debug|Any CPU.Build.0 = Debug|Any CPU
		{53D45A72-9FB8-4601-B673-719B7B261EAA}.Release|Any CPU.ActiveCfg = Release|Any CPU
		{53D45A72-9FB8-4601-B673-719B7B261EAA}.Release|Any CPU.Build.0 = Release|Any CPU
		{D5D01BFE-C22D-42B9-B223-E91EA095729E}.Debug|Any CPU.ActiveCfg = Debug|Any CPU
		{D5D01BFE-C22D-42B9-B223-E91EA095729E}.Debug|Any CPU.Build.0 = Debug|Any CPU
		{D5D01BFE-C22D-42B9-B223-E91EA095729E}.Release|Any CPU.ActiveCfg = Release|Any CPU
		{D5D01BFE-C22D-42B9-B223-E91EA095729E}.Release|Any CPU.Build.0 = Release|Any CPU
	EndGlobalSection
	GlobalSection(SolutionProperties) = preSolution
		HideSolutionNode = FALSE
	EndGlobalSection
	GlobalSection(ExtensibilityGlobals) = postSolution
		SolutionGuid = {072A6F88-D855-443A-B9C4-D157C83E2BA6}
	EndGlobalSection
EndGlobal
