Microsoft Visual Studio Solution File, Format Version 12.00
# Visual Studio 15
VisualStudioVersion = 15.0.28307.489
MinimumVisualStudioVersion = 10.0.40219.1
Project("{FAE04EC0-301F-11D3-BF4B-00C04F79EFBC}") = "iCare", "iCare.csproj", "{16AF7C64-A35B-4B5E-BC60-33F67DCB55D9}"
EndProject
Project("{FAE04EC0-301F-11D3-BF4B-00C04F79EFBC}") = "EMR_RemindMessageClient", "..\EMR_RemindMessage\EMR_RemindMessageClient\EMR_RemindMessageClient\EMR_RemindMessageClient.csproj", "{A5ABDEAF-5531-4E4A-931A-049D79A5A526}"
EndProject
Project("{FAE04EC0-301F-11D3-BF4B-00C04F79EFBC}") = "HRPControl", "..\HRPControl\HRPControl.csproj", "{A60A7783-AAD6-4A1B-8B41-D1FEC6C80F01}"
EndProject
Global
	GlobalSection(SolutionConfigurationPlatforms) = preSolution
		Debug|Any CPU = Debug|Any CPU
		Release|Any CPU = Release|Any CPU
	EndGlobalSection
	GlobalSection(ProjectConfigurationPlatforms) = postSolution
		{16AF7C64-A35B-4B5E-BC60-33F67DCB55D9}.Debug|Any CPU.ActiveCfg = Debug|Any CPU
		{16AF7C64-A35B-4B5E-BC60-33F67DCB55D9}.Debug|Any CPU.Build.0 = Debug|Any CPU
		{16AF7C64-A35B-4B5E-BC60-33F67DCB55D9}.Release|Any CPU.ActiveCfg = Release|Any CPU
		{16AF7C64-A35B-4B5E-BC60-33F67DCB55D9}.Release|Any CPU.Build.0 = Release|Any CPU
		{A5ABDEAF-5531-4E4A-931A-049D79A5A526}.Debug|Any CPU.ActiveCfg = Debug|Any CPU
		{A5ABDEAF-5531-4E4A-931A-049D79A5A526}.Debug|Any CPU.Build.0 = Debug|Any CPU
		{A5ABDEAF-5531-4E4A-931A-049D79A5A526}.Release|Any CPU.ActiveCfg = Release|Any CPU
		{A5ABDEAF-5531-4E4A-931A-049D79A5A526}.Release|Any CPU.Build.0 = Release|Any CPU
		{A60A7783-AAD6-4A1B-8B41-D1FEC6C80F01}.Debug|Any CPU.ActiveCfg = Debug|Any CPU
		{A60A7783-AAD6-4A1B-8B41-D1FEC6C80F01}.Debug|Any CPU.Build.0 = Debug|Any CPU
		{A60A7783-AAD6-4A1B-8B41-D1FEC6C80F01}.Release|Any CPU.ActiveCfg = Release|Any CPU
		{A60A7783-AAD6-4A1B-8B41-D1FEC6C80F01}.Release|Any CPU.Build.0 = Release|Any CPU
	EndGlobalSection
	GlobalSection(SolutionProperties) = preSolution
		HideSolutionNode = FALSE
	EndGlobalSection
	GlobalSection(ExtensibilityGlobals) = postSolution
		SolutionGuid = {8884C711-54FF-4EB0-B53A-3E6B8D5C00CF}
	EndGlobalSection
EndGlobal
